
Microsoft Visual Studio Solution File, Format Version 12.00
# Visual Studio Version 16
VisualStudioVersion = 16.0.30804.86
MinimumVisualStudioVersion = 10.0.40219.1
Project("{FAE04EC0-301F-11D3-BF4B-00C04F79EFBC}") = "DeltaVDesigner", "DeltaVDesigner\DeltaVDesigner.csproj", "{19B04E73-36E3-4B80-843B-86BE9876DA70}"
EndProject
Project("{FAE04EC0-301F-11D3-BF4B-00C04F79EFBC}") = "GoldenAnvil.Utility", "..\GoldenAnvil.Utility\GoldenAnvil.Utility\GoldenAnvil.Utility.csproj", "{71EC1554-7650-44CD-B30B-D1E5A2AE3C1E}"
EndProject
Project("{FAE04EC0-301F-11D3-BF4B-00C04F79EFBC}") = "GoldenAnvil.Utility.Windows", "..\GoldenAnvil.Utility\GoldenAnvil.Utility.Windows\GoldenAnvil.Utility.Windows.csproj", "{49EA99AF-8751-46FC-9FED-57FDD8F25E3B}"
EndProject
Global
	GlobalSection(SolutionConfigurationPlatforms) = preSolution
		Debug|Any CPU = Debug|Any CPU
		Release|Any CPU = Release|Any CPU
	EndGlobalSection
	GlobalSection(ProjectConfigurationPlatforms) = postSolution
		{19B04E73-36E3-4B80-843B-86BE9876DA70}.Debug|Any CPU.ActiveCfg = Debug|Any CPU
		{19B04E73-36E3-4B80-843B-86BE9876DA70}.Debug|Any CPU.Build.0 = Debug|Any CPU
		{19B04E73-36E3-4B80-843B-86BE9876DA70}.Release|Any CPU.ActiveCfg = Release|Any CPU
		{19B04E73-36E3-4B80-843B-86BE9876DA70}.Release|Any CPU.Build.0 = Release|Any CPU
		{71EC1554-7650-44CD-B30B-D1E5A2AE3C1E}.Debug|Any CPU.ActiveCfg = Debug|Any CPU
		{71EC1554-7650-44CD-B30B-D1E5A2AE3C1E}.Debug|Any CPU.Build.0 = Debug|Any CPU
		{71EC1554-7650-44CD-B30B-D1E5A2AE3C1E}.Release|Any CPU.ActiveCfg = Release|Any CPU
		{71EC1554-7650-44CD-B30B-D1E5A2AE3C1E}.Release|Any CPU.Build.0 = Release|Any CPU
		{49EA99AF-8751-46FC-9FED-57FDD8F25E3B}.Debug|Any CPU.ActiveCfg = Debug|Any CPU
		{49EA99AF-8751-46FC-9FED-57FDD8F25E3B}.Debug|Any CPU.Build.0 = Debug|Any CPU
		{49EA99AF-8751-46FC-9FED-57FDD8F25E3B}.Release|Any CPU.ActiveCfg = Release|Any CPU
		{49EA99AF-8751-46FC-9FED-57FDD8F25E3B}.Release|Any CPU.Build.0 = Release|Any CPU
	EndGlobalSection
	GlobalSection(SolutionProperties) = preSolution
		HideSolutionNode = FALSE
	EndGlobalSection
	GlobalSection(ExtensibilityGlobals) = postSolution
		SolutionGuid = {E9428E63-4B53-427F-9EFF-0190BA25F049}
	EndGlobalSection
EndGlobal
